
Microsoft Visual Studio Solution File, Format Version 12.00
# Visual Studio Version 17
VisualStudioVersion = 17.14.36203.30
MinimumVisualStudioVersion = 10.0.40219.1
Project("{FAE04EC0-301F-11D3-BF4B-00C04F79EFBC}") = "Guide_System_ConsoleApp", "Guide_System\Guide_System_ConsoleApp.csproj", "{D9231AB2-437B-46A0-B860-1C92AEFE3046}"
EndProject
Project("{FAE04EC0-301F-11D3-BF4B-00C04F79EFBC}") = "WindowsFormsAppAdoNet", "WindowsFormsAppAdoNet\WindowsFormsAppAdoNet.csproj", "{F4B3FA51-BF6C-4655-8FF4-B6BEBAE44DA4}"
EndProject
Project("{FAE04EC0-301F-11D3-BF4B-00C04F79EFBC}") = "Deneme_Sitesi", "Deneme_Sitesi\Deneme_Sitesi.csproj", "{7042CB9F-CFC3-C567-F2D3-A43CEB28722B}"
EndProject
Project("{FAE04EC0-301F-11D3-BF4B-00C04F79EFBC}") = "WindowsFormsAppEFDBFirst", "WindowsFormsAppEFDBFirst\WindowsFormsAppEFDBFirst.csproj", "{3C89023E-2EB5-4281-A2EF-06E19C87D0AF}"
EndProject
Project("{FAE04EC0-301F-11D3-BF4B-00C04F79EFBC}") = "WindowsFormsAppEFCodeFirst", "WindowsFormsAppEFCodeFirst\WindowsFormsAppEFCodeFirst.csproj", "{3FF7DDC2-9A43-40DC-9DCC-71DF3CEC5848}"
EndProject
Project("{FAE04EC0-301F-11D3-BF4B-00C04F79EFBC}") = "Web-Kurs", "Web-Kurs\Web-Kurs.csproj", "{02522AB5-46DE-47D6-B594-C1C09E250D9C}"
EndProject
Project("{E24C65DC-7377-472B-9ABA-BC803B73C61A}") = "ASP.NET_WebForms", "ASP.NET_WebForms\", "{705FEDA1-F872-38AE-9E01-D3C25DD8556A}"
	ProjectSection(WebsiteProperties) = preProject
		TargetFrameworkMoniker = ".NETFramework,Version%3Dv4.7.2"
		Debug.AspNetCompiler.VirtualPath = "/localhost_60650"
		Debug.AspNetCompiler.PhysicalPath = "ASP.NET_WebForms\"
		Debug.AspNetCompiler.TargetPath = "PrecompiledWeb\localhost_60650\"
		Debug.AspNetCompiler.Updateable = "true"
		Debug.AspNetCompiler.ForceOverwrite = "true"
		Debug.AspNetCompiler.FixedNames = "false"
		Debug.AspNetCompiler.Debug = "True"
		Release.AspNetCompiler.VirtualPath = "/localhost_60650"
		Release.AspNetCompiler.PhysicalPath = "ASP.NET_WebForms\"
		Release.AspNetCompiler.TargetPath = "PrecompiledWeb\localhost_60650\"
		Release.AspNetCompiler.Updateable = "true"
		Release.AspNetCompiler.ForceOverwrite = "true"
		Release.AspNetCompiler.FixedNames = "false"
		Release.AspNetCompiler.Debug = "False"
		VWDPort = "60650"
		SlnRelativePath = "ASP.NET_WebForms\"
		DefaultWebSiteLanguage = "Visual C#"
	EndProjectSection
EndProject
Project("{FAE04EC0-301F-11D3-BF4B-00C04F79EFBC}") = "MVCEgitimi", "MVCEgitimi\MVCEgitimi.csproj", "{1B734604-2D74-47D5-B8E9-12DE7E9181FF}"
EndProject
Project("{FAE04EC0-301F-11D3-BF4B-00C04F79EFBC}") = "DenerProjectDraft", "DenerProjectDraft\DenerProjectDraft.csproj", "{41130DBC-277A-4C51-B277-CDE736428B63}"
EndProject
Global
	GlobalSection(SolutionConfigurationPlatforms) = preSolution
		Debug|Any CPU = Debug|Any CPU
		Release|Any CPU = Release|Any CPU
	EndGlobalSection
	GlobalSection(ProjectConfigurationPlatforms) = postSolution
		{D9231AB2-437B-46A0-B860-1C92AEFE3046}.Debug|Any CPU.ActiveCfg = Debug|Any CPU
		{D9231AB2-437B-46A0-B860-1C92AEFE3046}.Debug|Any CPU.Build.0 = Debug|Any CPU
		{D9231AB2-437B-46A0-B860-1C92AEFE3046}.Release|Any CPU.ActiveCfg = Release|Any CPU
		{D9231AB2-437B-46A0-B860-1C92AEFE3046}.Release|Any CPU.Build.0 = Release|Any CPU
		{F4B3FA51-BF6C-4655-8FF4-B6BEBAE44DA4}.Debug|Any CPU.ActiveCfg = Debug|Any CPU
		{F4B3FA51-BF6C-4655-8FF4-B6BEBAE44DA4}.Debug|Any CPU.Build.0 = Debug|Any CPU
		{F4B3FA51-BF6C-4655-8FF4-B6BEBAE44DA4}.Release|Any CPU.ActiveCfg = Release|Any CPU
		{F4B3FA51-BF6C-4655-8FF4-B6BEBAE44DA4}.Release|Any CPU.Build.0 = Release|Any CPU
		{7042CB9F-CFC3-C567-F2D3-A43CEB28722B}.Debug|Any CPU.ActiveCfg = Debug|Any CPU
		{7042CB9F-CFC3-C567-F2D3-A43CEB28722B}.Debug|Any CPU.Build.0 = Debug|Any CPU
		{7042CB9F-CFC3-C567-F2D3-A43CEB28722B}.Release|Any CPU.ActiveCfg = Release|Any CPU
		{7042CB9F-CFC3-C567-F2D3-A43CEB28722B}.Release|Any CPU.Build.0 = Release|Any CPU
		{3C89023E-2EB5-4281-A2EF-06E19C87D0AF}.Debug|Any CPU.ActiveCfg = Debug|Any CPU
		{3C89023E-2EB5-4281-A2EF-06E19C87D0AF}.Debug|Any CPU.Build.0 = Debug|Any CPU
		{3C89023E-2EB5-4281-A2EF-06E19C87D0AF}.Release|Any CPU.ActiveCfg = Release|Any CPU
		{3C89023E-2EB5-4281-A2EF-06E19C87D0AF}.Release|Any CPU.Build.0 = Release|Any CPU
		{3FF7DDC2-9A43-40DC-9DCC-71DF3CEC5848}.Debug|Any CPU.ActiveCfg = Debug|Any CPU
		{3FF7DDC2-9A43-40DC-9DCC-71DF3CEC5848}.Debug|Any CPU.Build.0 = Debug|Any CPU
		{3FF7DDC2-9A43-40DC-9DCC-71DF3CEC5848}.Release|Any CPU.ActiveCfg = Release|Any CPU
		{3FF7DDC2-9A43-40DC-9DCC-71DF3CEC5848}.Release|Any CPU.Build.0 = Release|Any CPU
		{02522AB5-46DE-47D6-B594-C1C09E250D9C}.Debug|Any CPU.ActiveCfg = Debug|Any CPU
		{02522AB5-46DE-47D6-B594-C1C09E250D9C}.Debug|Any CPU.Build.0 = Debug|Any CPU
		{02522AB5-46DE-47D6-B594-C1C09E250D9C}.Release|Any CPU.ActiveCfg = Release|Any CPU
		{02522AB5-46DE-47D6-B594-C1C09E250D9C}.Release|Any CPU.Build.0 = Release|Any CPU
		{705FEDA1-F872-38AE-9E01-D3C25DD8556A}.Debug|Any CPU.ActiveCfg = Debug|Any CPU
		{705FEDA1-F872-38AE-9E01-D3C25DD8556A}.Debug|Any CPU.Build.0 = Debug|Any CPU
		{705FEDA1-F872-38AE-9E01-D3C25DD8556A}.Release|Any CPU.ActiveCfg = Debug|Any CPU
		{705FEDA1-F872-38AE-9E01-D3C25DD8556A}.Release|Any CPU.Build.0 = Debug|Any CPU
		{1B734604-2D74-47D5-B8E9-12DE7E9181FF}.Debug|Any CPU.ActiveCfg = Debug|Any CPU
		{1B734604-2D74-47D5-B8E9-12DE7E9181FF}.Debug|Any CPU.Build.0 = Debug|Any CPU
		{1B734604-2D74-47D5-B8E9-12DE7E9181FF}.Release|Any CPU.ActiveCfg = Release|Any CPU
		{1B734604-2D74-47D5-B8E9-12DE7E9181FF}.Release|Any CPU.Build.0 = Release|Any CPU
		{41130DBC-277A-4C51-B277-CDE736428B63}.Debug|Any CPU.ActiveCfg = Debug|Any CPU
		{41130DBC-277A-4C51-B277-CDE736428B63}.Debug|Any CPU.Build.0 = Debug|Any CPU
		{41130DBC-277A-4C51-B277-CDE736428B63}.Release|Any CPU.ActiveCfg = Release|Any CPU
		{41130DBC-277A-4C51-B277-CDE736428B63}.Release|Any CPU.Build.0 = Release|Any CPU
	EndGlobalSection
	GlobalSection(SolutionProperties) = preSolution
		HideSolutionNode = FALSE
	EndGlobalSection
	GlobalSection(ExtensibilityGlobals) = postSolution
		SolutionGuid = {FCA96A6F-DF19-4C57-86A8-F9546CB235E7}
	EndGlobalSection
EndGlobal
